
Microsoft Visual Studio Solution File, Format Version 12.00
# Visual Studio Version 17
VisualStudioVersion = 17.1.32210.238
MinimumVisualStudioVersion = 10.0.40219.1
Project("{FAE04EC0-301F-11D3-BF4B-00C04F79EFBC}") = "ProductionCostCalculationService", "ProductionCostCalculationService\ProductionCostCalculationService.csproj", "{02B673C5-81ED-450A-ABAA-52DD64B25DBB}"
EndProject
Global
	GlobalSection(SolutionConfigurationPlatforms) = preSolution
		Debug|Any CPU = Debug|Any CPU
		Release|Any CPU = Release|Any CPU
	EndGlobalSection
	GlobalSection(ProjectConfigurationPlatforms) = postSolution
		{02B673C5-81ED-450A-ABAA-52DD64B25DBB}.Debug|Any CPU.ActiveCfg = Debug|Any CPU
		{02B673C5-81ED-450A-ABAA-52DD64B25DBB}.Debug|Any CPU.Build.0 = Debug|Any CPU
		{02B673C5-81ED-450A-ABAA-52DD64B25DBB}.Release|Any CPU.ActiveCfg = Release|Any CPU
		{02B673C5-81ED-450A-ABAA-52DD64B25DBB}.Release|Any CPU.Build.0 = Release|Any CPU
	EndGlobalSection
	GlobalSection(SolutionProperties) = preSolution
		HideSolutionNode = FALSE
	EndGlobalSection
	GlobalSection(ExtensibilityGlobals) = postSolution
		SolutionGuid = {537D0948-8B4B-4C29-A794-ED723ED55796}
	EndGlobalSection
EndGlobal
